
Microsoft Visual Studio Solution File, Format Version 12.00
# Visual Studio Version 17
VisualStudioVersion = 17.2.32516.85
MinimumVisualStudioVersion = 10.0.40219.1
Project("{9A19103F-16F7-4668-BE54-9A1E7A4F7556}") = "GrpcServer", "GrpcService1\GrpcServer.csproj", "{EB4DE0C3-2665-4C5F-8E06-D49D25D4EEFB}"
EndProject
Project("{9A19103F-16F7-4668-BE54-9A1E7A4F7556}") = "GrpcClient", "GrpcClient\GrpcClient.csproj", "{1D89778A-C1B3-4ABE-AD7C-10C93D770F62}"
EndProject
Project("{9A19103F-16F7-4668-BE54-9A1E7A4F7556}") = "GrpcShared", "GrpcShared\GrpcShared.csproj", "{B9C6FB60-42D8-478D-9570-49AA9801A837}"
EndProject
Project("{9A19103F-16F7-4668-BE54-9A1E7A4F7556}") = "Basics", "Basics\Basics.csproj", "{0E7F98CA-F18A-4A99-82B4-FB93DB64D363}"
EndProject
Project("{2150E333-8FDC-42A3-9474-1A3956D46DE8}") = "Solution Items", "Solution Items", "{48366E3E-EFA1-4C3C-B9AE-6FA93A51F9F9}"
	ProjectSection(SolutionItems) = preProject
		.editorconfig = .editorconfig
	EndProjectSection
EndProject
Global
	GlobalSection(SolutionConfigurationPlatforms) = preSolution
		Debug|Any CPU = Debug|Any CPU
		Release|Any CPU = Release|Any CPU
	EndGlobalSection
	GlobalSection(ProjectConfigurationPlatforms) = postSolution
		{EB4DE0C3-2665-4C5F-8E06-D49D25D4EEFB}.Debug|Any CPU.ActiveCfg = Debug|Any CPU
		{EB4DE0C3-2665-4C5F-8E06-D49D25D4EEFB}.Debug|Any CPU.Build.0 = Debug|Any CPU
		{EB4DE0C3-2665-4C5F-8E06-D49D25D4EEFB}.Release|Any CPU.ActiveCfg = Release|Any CPU
		{EB4DE0C3-2665-4C5F-8E06-D49D25D4EEFB}.Release|Any CPU.Build.0 = Release|Any CPU
		{1D89778A-C1B3-4ABE-AD7C-10C93D770F62}.Debug|Any CPU.ActiveCfg = Debug|Any CPU
		{1D89778A-C1B3-4ABE-AD7C-10C93D770F62}.Debug|Any CPU.Build.0 = Debug|Any CPU
		{1D89778A-C1B3-4ABE-AD7C-10C93D770F62}.Release|Any CPU.ActiveCfg = Release|Any CPU
		{1D89778A-C1B3-4ABE-AD7C-10C93D770F62}.Release|Any CPU.Build.0 = Release|Any CPU
		{B9C6FB60-42D8-478D-9570-49AA9801A837}.Debug|Any CPU.ActiveCfg = Debug|Any CPU
		{B9C6FB60-42D8-478D-9570-49AA9801A837}.Debug|Any CPU.Build.0 = Debug|Any CPU
		{B9C6FB60-42D8-478D-9570-49AA9801A837}.Release|Any CPU.ActiveCfg = Release|Any CPU
		{B9C6FB60-42D8-478D-9570-49AA9801A837}.Release|Any CPU.Build.0 = Release|Any CPU
		{0E7F98CA-F18A-4A99-82B4-FB93DB64D363}.Debug|Any CPU.ActiveCfg = Debug|Any CPU
		{0E7F98CA-F18A-4A99-82B4-FB93DB64D363}.Debug|Any CPU.Build.0 = Debug|Any CPU
		{0E7F98CA-F18A-4A99-82B4-FB93DB64D363}.Release|Any CPU.ActiveCfg = Release|Any CPU
		{0E7F98CA-F18A-4A99-82B4-FB93DB64D363}.Release|Any CPU.Build.0 = Release|Any CPU
	EndGlobalSection
	GlobalSection(SolutionProperties) = preSolution
		HideSolutionNode = FALSE
	EndGlobalSection
	GlobalSection(ExtensibilityGlobals) = postSolution
		SolutionGuid = {CCA85C4C-6357-44D9-9260-66EE2A378CBE}
	EndGlobalSection
EndGlobal
